// !$*UTF8*$!
{
	archiveVersion = 1;
	classes = {
	};
	objectVersion = 46;
	objects = {

/* Begin PBXBuildFile section */
		BC6EF6C019ECC76D005ADFDF /* TExampleProtocol.swift in Sources */ = {isa = PBXBuildFile; fileRef = BC6EF6BF19ECC76D005ADFDF /* TExampleProtocol.swift */; };
		BC6EF6C219ECD0C5005ADFDF /* TTheBasics.swift in Sources */ = {isa = PBXBuildFile; fileRef = BC6EF6C119ECD0C5005ADFDF /* TTheBasics.swift */; };
		BC6EF6C419ECE70B005ADFDF /* TBasicOperators.swift in Sources */ = {isa = PBXBuildFile; fileRef = BC6EF6C319ECE70B005ADFDF /* TBasicOperators.swift */; };
		BC6EF6C619ECEEB7005ADFDF /* TStringsRCharacters.swift in Sources */ = {isa = PBXBuildFile; fileRef = BC6EF6C519ECEEB7005ADFDF /* TStringsRCharacters.swift */; };
		BC6EF6C819ECFCBF005ADFDF /* TCollectionTypes.swift in Sources */ = {isa = PBXBuildFile; fileRef = BC6EF6C719ECFCBF005ADFDF /* TCollectionTypes.swift */; };
		BC6EF6CA19ED01A5005ADFDF /* TControlFlow.swift in Sources */ = {isa = PBXBuildFile; fileRef = BC6EF6C919ED01A5005ADFDF /* TControlFlow.swift */; };
		BCF2D41619E6712200C38737 /* AppDelegate.swift in Sources */ = {isa = PBXBuildFile; fileRef = BCF2D41519E6712200C38737 /* AppDelegate.swift */; };
		BCF2D41919E6712200C38737 /* swiftist.xcdatamodeld in Sources */ = {isa = PBXBuildFile; fileRef = BCF2D41719E6712200C38737 /* swiftist.xcdatamodeld */; };
		BCF2D41B19E6712200C38737 /* ViewController.swift in Sources */ = {isa = PBXBuildFile; fileRef = BCF2D41A19E6712200C38737 /* ViewController.swift */; };
		BCF2D41E19E6712200C38737 /* Main.storyboard in Resources */ = {isa = PBXBuildFile; fileRef = BCF2D41C19E6712200C38737 /* Main.storyboard */; };
		BCF2D42019E6712200C38737 /* Images.xcassets in Resources */ = {isa = PBXBuildFile; fileRef = BCF2D41F19E6712200C38737 /* Images.xcassets */; };
		BCF2D42319E6712200C38737 /* LaunchScreen.xib in Resources */ = {isa = PBXBuildFile; fileRef = BCF2D42119E6712200C38737 /* LaunchScreen.xib */; };
		BCF2D42F19E6712200C38737 /* swiftistTests.swift in Sources */ = {isa = PBXBuildFile; fileRef = BCF2D42E19E6712200C38737 /* swiftistTests.swift */; };
		BCFA837419EE3DB3004E31A7 /* TFunctions.swift in Sources */ = {isa = PBXBuildFile; fileRef = BCFA837319EE3DB3004E31A7 /* TFunctions.swift */; };
		BCFA837619EE42BC004E31A7 /* TClosures.swift in Sources */ = {isa = PBXBuildFile; fileRef = BCFA837519EE42BC004E31A7 /* TClosures.swift */; };
/* End PBXBuildFile section */

/* Begin PBXContainerItemProxy section */
		BCF2D42919E6712200C38737 /* PBXContainerItemProxy */ = {
			isa = PBXContainerItemProxy;
			containerPortal = BCF2D40819E6712200C38737 /* Project object */;
			proxyType = 1;
			remoteGlobalIDString = BCF2D40F19E6712200C38737;
			remoteInfo = swiftist;
		};
/* End PBXContainerItemProxy section */

/* Begin PBXFileReference section */
		BC6EF6BF19ECC76D005ADFDF /* TExampleProtocol.swift */ = {isa = PBXFileReference; fileEncoding = 4; lastKnownFileType = sourcecode.swift; path = TExampleProtocol.swift; sourceTree = "<group>"; };
		BC6EF6C119ECD0C5005ADFDF /* TTheBasics.swift */ = {isa = PBXFileReference; fileEncoding = 4; lastKnownFileType = sourcecode.swift; path = TTheBasics.swift; sourceTree = "<group>"; };
		BC6EF6C319ECE70B005ADFDF /* TBasicOperators.swift */ = {isa = PBXFileReference; fileEncoding = 4; lastKnownFileType = sourcecode.swift; path = TBasicOperators.swift; sourceTree = "<group>"; };
		BC6EF6C519ECEEB7005ADFDF /* TStringsRCharacters.swift */ = {isa = PBXFileReference; fileEncoding = 4; lastKnownFileType = sourcecode.swift; path = TStringsRCharacters.swift; sourceTree = "<group>"; };
		BC6EF6C719ECFCBF005ADFDF /* TCollectionTypes.swift */ = {isa = PBXFileReference; fileEncoding = 4; lastKnownFileType = sourcecode.swift; path = TCollectionTypes.swift; sourceTree = "<group>"; };
		BC6EF6C919ED01A5005ADFDF /* TControlFlow.swift */ = {isa = PBXFileReference; fileEncoding = 4; lastKnownFileType = sourcecode.swift; path = TControlFlow.swift; sourceTree = "<group>"; };
		BCF2D41019E6712200C38737 /* swiftist.app */ = {isa = PBXFileReference; explicitFileType = wrapper.application; includeInIndex = 0; path = swiftist.app; sourceTree = BUILT_PRODUCTS_DIR; };
		BCF2D41419E6712200C38737 /* Info.plist */ = {isa = PBXFileReference; lastKnownFileType = text.plist.xml; path = Info.plist; sourceTree = "<group>"; };
		BCF2D41519E6712200C38737 /* AppDelegate.swift */ = {isa = PBXFileReference; lastKnownFileType = sourcecode.swift; path = AppDelegate.swift; sourceTree = "<group>"; };
		BCF2D41819E6712200C38737 /* swiftist.xcdatamodel */ = {isa = PBXFileReference; lastKnownFileType = wrapper.xcdatamodel; path = swiftist.xcdatamodel; sourceTree = "<group>"; };
		BCF2D41A19E6712200C38737 /* ViewController.swift */ = {isa = PBXFileReference; lastKnownFileType = sourcecode.swift; path = ViewController.swift; sourceTree = "<group>"; };
		BCF2D41D19E6712200C38737 /* Base */ = {isa = PBXFileReference; lastKnownFileType = file.storyboard; name = Base; path = Base.lproj/Main.storyboard; sourceTree = "<group>"; };
		BCF2D41F19E6712200C38737 /* Images.xcassets */ = {isa = PBXFileReference; lastKnownFileType = folder.assetcatalog; path = Images.xcassets; sourceTree = "<group>"; };
		BCF2D42219E6712200C38737 /* Base */ = {isa = PBXFileReference; lastKnownFileType = file.xib; name = Base; path = Base.lproj/LaunchScreen.xib; sourceTree = "<group>"; };
		BCF2D42819E6712200C38737 /* swiftistTests.xctest */ = {isa = PBXFileReference; explicitFileType = wrapper.cfbundle; includeInIndex = 0; path = swiftistTests.xctest; sourceTree = BUILT_PRODUCTS_DIR; };
		BCF2D42D19E6712200C38737 /* Info.plist */ = {isa = PBXFileReference; lastKnownFileType = text.plist.xml; path = Info.plist; sourceTree = "<group>"; };
		BCF2D42E19E6712200C38737 /* swiftistTests.swift */ = {isa = PBXFileReference; lastKnownFileType = sourcecode.swift; path = swiftistTests.swift; sourceTree = "<group>"; };
		BCFA837319EE3DB3004E31A7 /* TFunctions.swift */ = {isa = PBXFileReference; fileEncoding = 4; lastKnownFileType = sourcecode.swift; path = TFunctions.swift; sourceTree = "<group>"; };
		BCFA837519EE42BC004E31A7 /* TClosures.swift */ = {isa = PBXFileReference; fileEncoding = 4; lastKnownFileType = sourcecode.swift; path = TClosures.swift; sourceTree = "<group>"; };
/* End PBXFileReference section */

/* Begin PBXFrameworksBuildPhase section */
		BCF2D40D19E6712200C38737 /* Frameworks */ = {
			isa = PBXFrameworksBuildPhase;
			buildActionMask = 2147483647;
			files = (
			);
			runOnlyForDeploymentPostprocessing = 0;
		};
		BCF2D42519E6712200C38737 /* Frameworks */ = {
			isa = PBXFrameworksBuildPhase;
			buildActionMask = 2147483647;
			files = (
			);
			runOnlyForDeploymentPostprocessing = 0;
		};
/* End PBXFrameworksBuildPhase section */

/* Begin PBXGroup section */
		BCF2D40719E6712200C38737 = {
			isa = PBXGroup;
			children = (
				BCF2D41219E6712200C38737 /* swiftist */,
				BCF2D42B19E6712200C38737 /* swiftistTests */,
				BCF2D41119E6712200C38737 /* Products */,
			);
			sourceTree = "<group>";
		};
		BCF2D41119E6712200C38737 /* Products */ = {
			isa = PBXGroup;
			children = (
				BCF2D41019E6712200C38737 /* swiftist.app */,
				BCF2D42819E6712200C38737 /* swiftistTests.xctest */,
			);
			name = Products;
			sourceTree = "<group>";
		};
		BCF2D41219E6712200C38737 /* swiftist */ = {
			isa = PBXGroup;
			children = (
				BCF2D41519E6712200C38737 /* AppDelegate.swift */,
				BCF2D41A19E6712200C38737 /* ViewController.swift */,
				BC6EF6BF19ECC76D005ADFDF /* TExampleProtocol.swift */,
				BC6EF6C119ECD0C5005ADFDF /* TTheBasics.swift */,
				BC6EF6C319ECE70B005ADFDF /* TBasicOperators.swift */,
				BC6EF6C519ECEEB7005ADFDF /* TStringsRCharacters.swift */,
				BC6EF6C719ECFCBF005ADFDF /* TCollectionTypes.swift */,
				BC6EF6C919ED01A5005ADFDF /* TControlFlow.swift */,
				BCFA837319EE3DB3004E31A7 /* TFunctions.swift */,
				BCFA837519EE42BC004E31A7 /* TClosures.swift */,
				BCF2D41C19E6712200C38737 /* Main.storyboard */,
				BCF2D41F19E6712200C38737 /* Images.xcassets */,
				BCF2D42119E6712200C38737 /* LaunchScreen.xib */,
				BCF2D41719E6712200C38737 /* swiftist.xcdatamodeld */,
				BCF2D41319E6712200C38737 /* Supporting Files */,
			);
			path = swiftist;
			sourceTree = "<group>";
		};
		BCF2D41319E6712200C38737 /* Supporting Files */ = {
			isa = PBXGroup;
			children = (
				BCF2D41419E6712200C38737 /* Info.plist */,
			);
			name = "Supporting Files";
			sourceTree = "<group>";
		};
		BCF2D42B19E6712200C38737 /* swiftistTests */ = {
			isa = PBXGroup;
			children = (
				BCF2D42E19E6712200C38737 /* swiftistTests.swift */,
				BCF2D42C19E6712200C38737 /* Supporting Files */,
			);
			path = swiftistTests;
			sourceTree = "<group>";
		};
		BCF2D42C19E6712200C38737 /* Supporting Files */ = {
			isa = PBXGroup;
			children = (
				BCF2D42D19E6712200C38737 /* Info.plist */,
			);
			name = "Supporting Files";
			sourceTree = "<group>";
		};
/* End PBXGroup section */

/* Begin PBXNativeTarget section */
		BCF2D40F19E6712200C38737 /* swiftist */ = {
			isa = PBXNativeTarget;
			buildConfigurationList = BCF2D43219E6712200C38737 /* Build configuration list for PBXNativeTarget "swiftist" */;
			buildPhases = (
				BCF2D40C19E6712200C38737 /* Sources */,
				BCF2D40D19E6712200C38737 /* Frameworks */,
				BCF2D40E19E6712200C38737 /* Resources */,
			);
			buildRules = (
			);
			dependencies = (
			);
			name = swiftist;
			productName = swiftist;
			productReference = BCF2D41019E6712200C38737 /* swiftist.app */;
			productType = "com.apple.product-type.application";
		};
		BCF2D42719E6712200C38737 /* swiftistTests */ = {
			isa = PBXNativeTarget;
			buildConfigurationList = BCF2D43519E6712200C38737 /* Build configuration list for PBXNativeTarget "swiftistTests" */;
			buildPhases = (
				BCF2D42419E6712200C38737 /* Sources */,
				BCF2D42519E6712200C38737 /* Frameworks */,
				BCF2D42619E6712200C38737 /* Resources */,
			);
			buildRules = (
			);
			dependencies = (
				BCF2D42A19E6712200C38737 /* PBXTargetDependency */,
			);
			name = swiftistTests;
			productName = swiftistTests;
			productReference = BCF2D42819E6712200C38737 /* swiftistTests.xctest */;
			productType = "com.apple.product-type.bundle.unit-test";
		};
/* End PBXNativeTarget section */

/* Begin PBXProject section */
		BCF2D40819E6712200C38737 /* Project object */ = {
			isa = PBXProject;
			attributes = {
				LastUpgradeCheck = 0600;
				ORGANIZATIONNAME = Mountain;
				TargetAttributes = {
					BCF2D40F19E6712200C38737 = {
						CreatedOnToolsVersion = 6.0.1;
					};
					BCF2D42719E6712200C38737 = {
						CreatedOnToolsVersion = 6.0.1;
						TestTargetID = BCF2D40F19E6712200C38737;
					};
				};
			};
			buildConfigurationList = BCF2D40B19E6712200C38737 /* Build configuration list for PBXProject "swiftist" */;
			compatibilityVersion = "Xcode 3.2";
			developmentRegion = English;
			hasScannedForEncodings = 0;
			knownRegions = (
				en,
				Base,
			);
			mainGroup = BCF2D40719E6712200C38737;
			productRefGroup = BCF2D41119E6712200C38737 /* Products */;
			projectDirPath = "";
			projectRoot = "";
			targets = (
				BCF2D40F19E6712200C38737 /* swiftist */,
				BCF2D42719E6712200C38737 /* swiftistTests */,
			);
		};
/* End PBXProject section */

/* Begin PBXResourcesBuildPhase section */
		BCF2D40E19E6712200C38737 /* Resources */ = {
			isa = PBXResourcesBuildPhase;
			buildActionMask = 2147483647;
			files = (
				BCF2D41E19E6712200C38737 /* Main.storyboard in Resources */,
				BCF2D42319E6712200C38737 /* LaunchScreen.xib in Resources */,
				BCF2D42019E6712200C38737 /* Images.xcassets in Resources */,
			);
			runOnlyForDeploymentPostprocessing = 0;
		};
		BCF2D42619E6712200C38737 /* Resources */ = {
			isa = PBXResourcesBuildPhase;
			buildActionMask = 2147483647;
			files = (
			);
			runOnlyForDeploymentPostprocessing = 0;
		};
/* End PBXResourcesBuildPhase section */

/* Begin PBXSourcesBuildPhase section */
		BCF2D40C19E6712200C38737 /* Sources */ = {
			isa = PBXSourcesBuildPhase;
			buildActionMask = 2147483647;
			files = (
				BCF2D41B19E6712200C38737 /* ViewController.swift in Sources */,
				BC6EF6C219ECD0C5005ADFDF /* TTheBasics.swift in Sources */,
				BCF2D41919E6712200C38737 /* swiftist.xcdatamodeld in Sources */,
				BCFA837619EE42BC004E31A7 /* TClosures.swift in Sources */,
				BC6EF6CA19ED01A5005ADFDF /* TControlFlow.swift in Sources */,
				BC6EF6C419ECE70B005ADFDF /* TBasicOperators.swift in Sources */,
				BCF2D41619E6712200C38737 /* AppDelegate.swift in Sources */,
				BCFA837419EE3DB3004E31A7 /* TFunctions.swift in Sources */,
				BC6EF6C019ECC76D005ADFDF /* TExampleProtocol.swift in Sources */,
				BC6EF6C819ECFCBF005ADFDF /* TCollectionTypes.swift in Sources */,
				BC6EF6C619ECEEB7005ADFDF /* TStringsRCharacters.swift in Sources */,
			);
			runOnlyForDeploymentPostprocessing = 0;
		};
		BCF2D42419E6712200C38737 /* Sources */ = {
			isa = PBXSourcesBuildPhase;
			buildActionMask = 2147483647;
			files = (
				BCF2D42F19E6712200C38737 /* swiftistTests.swift in Sources */,
			);
			runOnlyForDeploymentPostprocessing = 0;
		};
/* End PBXSourcesBuildPhase section */

/* Begin PBXTargetDependency section */
		BCF2D42A19E6712200C38737 /* PBXTargetDependency */ = {
			isa = PBXTargetDependency;
			target = BCF2D40F19E6712200C38737 /* swiftist */;
			targetProxy = BCF2D42919E6712200C38737 /* PBXContainerItemProxy */;
		};
/* End PBXTargetDependency section */

/* Begin PBXVariantGroup section */
		BCF2D41C19E6712200C38737 /* Main.storyboard */ = {
			isa = PBXVariantGroup;
			children = (
				BCF2D41D19E6712200C38737 /* Base */,
			);
			name = Main.storyboard;
			sourceTree = "<group>";
		};
		BCF2D42119E6712200C38737 /* LaunchScreen.xib */ = {
			isa = PBXVariantGroup;
			children = (
				BCF2D42219E6712200C38737 /* Base */,
			);
			name = LaunchScreen.xib;
			sourceTree = "<group>";
		};
/* End PBXVariantGroup section */

/* Begin XCBuildConfiguration section */
		BCF2D43019E6712200C38737 /* Debug */ = {
			isa = XCBuildConfiguration;
			buildSettings = {
				ALWAYS_SEARCH_USER_PATHS = NO;
				CLANG_CXX_LANGUAGE_STANDARD = "gnu++0x";
				CLANG_CXX_LIBRARY = "libc++";
				CLANG_ENABLE_MODULES = YES;
				CLANG_ENABLE_OBJC_ARC = YES;
				CLANG_WARN_BOOL_CONVERSION = YES;
				CLANG_WARN_CONSTANT_CONVERSION = YES;
				CLANG_WARN_DIRECT_OBJC_ISA_USAGE = YES_ERROR;
				CLANG_WARN_EMPTY_BODY = YES;
				CLANG_WARN_ENUM_CONVERSION = YES;
				CLANG_WARN_INT_CONVERSION = YES;
				CLANG_WARN_OBJC_ROOT_CLASS = YES_ERROR;
				CLANG_WARN_UNREACHABLE_CODE = YES;
				CLANG_WARN__DUPLICATE_METHOD_MATCH = YES;
				"CODE_SIGN_IDENTITY[sdk=iphoneos*]" = "iPhone Developer";
				COPY_PHASE_STRIP = NO;
				ENABLE_STRICT_OBJC_MSGSEND = YES;
				GCC_C_LANGUAGE_STANDARD = gnu99;
				GCC_DYNAMIC_NO_PIC = NO;
				GCC_OPTIMIZATION_LEVEL = 0;
				GCC_PREPROCESSOR_DEFINITIONS = (
					"DEBUG=1",
					"$(inherited)",
				);
				GCC_SYMBOLS_PRIVATE_EXTERN = NO;
				GCC_WARN_64_TO_32_BIT_CONVERSION = YES;
				GCC_WARN_ABOUT_RETURN_TYPE = YES_ERROR;
				GCC_WARN_UNDECLARED_SELECTOR = YES;
				GCC_WARN_UNINITIALIZED_AUTOS = YES_AGGRESSIVE;
				GCC_WARN_UNUSED_FUNCTION = YES;
				GCC_WARN_UNUSED_VARIABLE = YES;
				IPHONEOS_DEPLOYMENT_TARGET = 8.0;
				MTL_ENABLE_DEBUG_INFO = YES;
				ONLY_ACTIVE_ARCH = YES;
				SDKROOT = iphoneos;
				SWIFT_OPTIMIZATION_LEVEL = "-Onone";
			};
			name = Debug;
		};
		BCF2D43119E6712200C38737 /* Release */ = {
			isa = XCBuildConfiguration;
			buildSettings = {
				ALWAYS_SEARCH_USER_PATHS = NO;
				CLANG_CXX_LANGUAGE_STANDARD = "gnu++0x";
				CLANG_CXX_LIBRARY = "libc++";
				CLANG_ENABLE_MODULES = YES;
				CLANG_ENABLE_OBJC_ARC = YES;
				CLANG_WARN_BOOL_CONVERSION = YES;
				CLANG_WARN_CONSTANT_CONVERSION = YES;
				CLANG_WARN_DIRECT_OBJC_ISA_USAGE = YES_ERROR;
				CLANG_WARN_EMPTY_BODY = YES;
				CLANG_WARN_ENUM_CONVERSION = YES;
				CLANG_WARN_INT_CONVERSION = YES;
				CLANG_WARN_OBJC_ROOT_CLASS = YES_ERROR;
				CLANG_WARN_UNREACHABLE_CODE = YES;
				CLANG_WARN__DUPLICATE_METHOD_MATCH = YES;
				"CODE_SIGN_IDENTITY[sdk=iphoneos*]" = "iPhone Developer";
				COPY_PHASE_STRIP = YES;
				ENABLE_NS_ASSERTIONS = NO;
				ENABLE_STRICT_OBJC_MSGSEND = YES;
				GCC_C_LANGUAGE_STANDARD = gnu99;
				GCC_WARN_64_TO_32_BIT_CONVERSION = YES;
				GCC_WARN_ABOUT_RETURN_TYPE = YES_ERROR;
				GCC_WARN_UNDECLARED_SELECTOR = YES;
				GCC_WARN_UNINITIALIZED_AUTOS = YES_AGGRESSIVE;
				GCC_WARN_UNUSED_FUNCTION = YES;
				GCC_WARN_UNUSED_VARIABLE = YES;
				IPHONEOS_DEPLOYMENT_TARGET = 8.0;
				MTL_ENABLE_DEBUG_INFO = NO;
				SDKROOT = iphoneos;
				VALIDATE_PRODUCT = YES;
			};
			name = Release;
		};
		BCF2D43319E6712200C38737 /* Debug */ = {
			isa = XCBuildConfiguration;
			buildSettings = {
				ASSETCATALOG_COMPILER_APPICON_NAME = AppIcon;
				INFOPLIST_FILE = swiftist/Info.plist;
				LD_RUNPATH_SEARCH_PATHS = "$(inherited) @executable_path/Frameworks";
				PRODUCT_NAME = "$(TARGET_NAME)";
				TARGETED_DEVICE_FAMILY = 1;
			};
			name = Debug;
		};
		BCF2D43419E6712200C38737 /* Release */ = {
			isa = XCBuildConfiguration;
			buildSettings = {
				ASSETCATALOG_COMPILER_APPICON_NAME = AppIcon;
				INFOPLIST_FILE = swiftist/Info.plist;
				LD_RUNPATH_SEARCH_PATHS = "$(inherited) @executable_path/Frameworks";
				PRODUCT_NAME = "$(TARGET_NAME)";
				TARGETED_DEVICE_FAMILY = 1;
			};
			name = Release;
		};
		BCF2D43619E6712200C38737 /* Debug */ = {
			isa = XCBuildConfiguration;
			buildSettings = {
				BUNDLE_LOADER = "$(TEST_HOST)";
				FRAMEWORK_SEARCH_PATHS = (
					"$(SDKROOT)/Developer/Library/Frameworks",
					"$(inherited)",
				);
				GCC_PREPROCESSOR_DEFINITIONS = (
					"DEBUG=1",
					"$(inherited)",
				);
				INFOPLIST_FILE = swiftistTests/Info.plist;
				LD_RUNPATH_SEARCH_PATHS = "$(inherited) @executable_path/Frameworks @loader_path/Frameworks";
				PRODUCT_NAME = "$(TARGET_NAME)";
				TEST_HOST = "$(BUILT_PRODUCTS_DIR)/swiftist.app/swiftist";
			};
			name = Debug;
		};
		BCF2D43719E6712200C38737 /* Release */ = {
			isa = XCBuildConfiguration;
			buildSettings = {
				BUNDLE_LOADER = "$(TEST_HOST)";
				FRAMEWORK_SEARCH_PATHS = (
					"$(SDKROOT)/Developer/Library/Frameworks",
					"$(inherited)",
				);
				INFOPLIST_FILE = swiftistTests/Info.plist;
				LD_RUNPATH_SEARCH_PATHS = "$(inherited) @executable_path/Frameworks @loader_path/Frameworks";
				PRODUCT_NAME = "$(TARGET_NAME)";
				TEST_HOST = "$(BUILT_PRODUCTS_DIR)/swiftist.app/swiftist";
			};
			name = Release;
		};
/* End XCBuildConfiguration section */

/* Begin XCConfigurationList section */
		BCF2D40B19E6712200C38737 /* Build configuration list for PBXProject "swiftist" */ = {
			isa = XCConfigurationList;
			buildConfigurations = (
				BCF2D43019E6712200C38737 /* Debug */,
				BCF2D43119E6712200C38737 /* Release */,
			);
			defaultConfigurationIsVisible = 0;
			defaultConfigurationName = Release;
		};
		BCF2D43219E6712200C38737 /* Build configuration list for PBXNativeTarget "swiftist" */ = {
			isa = XCConfigurationList;
			buildConfigurations = (
				BCF2D43319E6712200C38737 /* Debug */,
				BCF2D43419E6712200C38737 /* Release */,
			);
			defaultConfigurationIsVisible = 0;
			defaultConfigurationName = Release;
		};
		BCF2D43519E6712200C38737 /* Build configuration list for PBXNativeTarget "swiftistTests" */ = {
			isa = XCConfigurationList;
			buildConfigurations = (
				BCF2D43619E6712200C38737 /* Debug */,
				BCF2D43719E6712200C38737 /* Release */,
			);
			defaultConfigurationIsVisible = 0;
			defaultConfigurationName = Release;
		};
/* End XCConfigurationList section */

/* Begin XCVersionGroup section */
		BCF2D41719E6712200C38737 /* swiftist.xcdatamodeld */ = {
			isa = XCVersionGroup;
			children = (
				BCF2D41819E6712200C38737 /* swiftist.xcdatamodel */,
			);
			currentVersion = BCF2D41819E6712200C38737 /* swiftist.xcdatamodel */;
			path = swiftist.xcdatamodeld;
			sourceTree = "<group>";
			versionGroupType = wrapper.xcdatamodel;
		};
/* End XCVersionGroup section */
	};
	rootObject = BCF2D40819E6712200C38737 /* Project object */;
}
